// !$*UTF8*$!
{
	archiveVersion = 1;
	classes = {
	};
	objectVersion = 56;
	objects = {

/* Begin PBXBuildFile section */
		6D0AFF0F2C92CF4C00EF5BD5 /* AppDelegate.swift in Sources */ = {isa = PBXBuildFile; fileRef = 6D0AFF0E2C92CF4C00EF5BD5 /* AppDelegate.swift */; };
		6D0AFF112C92CF4C00EF5BD5 /* SceneDelegate.swift in Sources */ = {isa = PBXBuildFile; fileRef = 6D0AFF102C92CF4C00EF5BD5 /* SceneDelegate.swift */; };
		6D0AFF132C92CF4C00EF5BD5 /* ViewController.swift in Sources */ = {isa = PBXBuildFile; fileRef = 6D0AFF122C92CF4C00EF5BD5 /* ViewController.swift */; };
		6D0AFF162C92CF4C00EF5BD5 /* Main.storyboard in Resources */ = {isa = PBXBuildFile; fileRef = 6D0AFF142C92CF4C00EF5BD5 /* Main.storyboard */; };
		6D0AFF182C92CF4F00EF5BD5 /* Assets.xcassets in Resources */ = {isa = PBXBuildFile; fileRef = 6D0AFF172C92CF4F00EF5BD5 /* Assets.xcassets */; };
		6D0AFF1B2C92CF4F00EF5BD5 /* LaunchScreen.storyboard in Resources */ = {isa = PBXBuildFile; fileRef = 6D0AFF192C92CF4F00EF5BD5 /* LaunchScreen.storyboard */; };
		6D0AFF262C92CF5000EF5BD5 /* tictactoeTests.swift in Sources */ = {isa = PBXBuildFile; fileRef = 6D0AFF252C92CF5000EF5BD5 /* tictactoeTests.swift */; };
		6D0AFF302C92CF5000EF5BD5 /* tictactoeUITests.swift in Sources */ = {isa = PBXBuildFile; fileRef = 6D0AFF2F2C92CF5000EF5BD5 /* tictactoeUITests.swift */; };
		6D0AFF322C92CF5000EF5BD5 /* tictactoeUITestsLaunchTests.swift in Sources */ = {isa = PBXBuildFile; fileRef = 6D0AFF312C92CF5000EF5BD5 /* tictactoeUITestsLaunchTests.swift */; };
/* End PBXBuildFile section */

/* Begin PBXContainerItemProxy section */
		6D0AFF222C92CF5000EF5BD5 /* PBXContainerItemProxy */ = {
			isa = PBXContainerItemProxy;
			containerPortal = 6D0AFF032C92CF4C00EF5BD5 /* Project object */;
			proxyType = 1;
			remoteGlobalIDString = 6D0AFF0A2C92CF4C00EF5BD5;
			remoteInfo = tictactoe;
		};
		6D0AFF2C2C92CF5000EF5BD5 /* PBXContainerItemProxy */ = {
			isa = PBXContainerItemProxy;
			containerPortal = 6D0AFF032C92CF4C00EF5BD5 /* Project object */;
			proxyType = 1;
			remoteGlobalIDString = 6D0AFF0A2C92CF4C00EF5BD5;
			remoteInfo = tictactoe;
		};
/* End PBXContainerItemProxy section */

/* Begin PBXFileReference section */
		6D0AFF0B2C92CF4C00EF5BD5 /* tictactoe.app */ = {isa = PBXFileReference; explicitFileType = wrapper.application; includeInIndex = 0; path = tictactoe.app; sourceTree = BUILT_PRODUCTS_DIR; };
		6D0AFF0E2C92CF4C00EF5BD5 /* AppDelegate.swift */ = {isa = PBXFileReference; lastKnownFileType = sourcecode.swift; path = AppDelegate.swift; sourceTree = "<group>"; };
		6D0AFF102C92CF4C00EF5BD5 /* SceneDelegate.swift */ = {isa = PBXFileReference; lastKnownFileType = sourcecode.swift; path = SceneDelegate.swift; sourceTree = "<group>"; };
		6D0AFF122C92CF4C00EF5BD5 /* ViewController.swift */ = {isa = PBXFileReference; lastKnownFileType = sourcecode.swift; path = ViewController.swift; sourceTree = "<group>"; };
		6D0AFF152C92CF4C00EF5BD5 /* Base */ = {isa = PBXFileReference; lastKnownFileType = file.storyboard; name = Base; path = Base.lproj/Main.storyboard; sourceTree = "<group>"; };
		6D0AFF172C92CF4F00EF5BD5 /* Assets.xcassets */ = {isa = PBXFileReference; lastKnownFileType = folder.assetcatalog; path = Assets.xcassets; sourceTree = "<group>"; };
		6D0AFF1A2C92CF4F00EF5BD5 /* Base */ = {isa = PBXFileReference; lastKnownFileType = file.storyboard; name = Base; path = Base.lproj/LaunchScreen.storyboard; sourceTree = "<group>"; };
		6D0AFF1C2C92CF4F00EF5BD5 /* Info.plist */ = {isa = PBXFileReference; lastKnownFileType = text.plist.xml; path = Info.plist; sourceTree = "<group>"; };
		6D0AFF212C92CF5000EF5BD5 /* tictactoeTests.xctest */ = {isa = PBXFileReference; explicitFileType = wrapper.cfbundle; includeInIndex = 0; path = tictactoeTests.xctest; sourceTree = BUILT_PRODUCTS_DIR; };
		6D0AFF252C92CF5000EF5BD5 /* tictactoeTests.swift */ = {isa = PBXFileReference; lastKnownFileType = sourcecode.swift; path = tictactoeTests.swift; sourceTree = "<group>"; };
		6D0AFF2B2C92CF5000EF5BD5 /* tictactoeUITests.xctest */ = {isa = PBXFileReference; explicitFileType = wrapper.cfbundle; includeInIndex = 0; path = tictactoeUITests.xctest; sourceTree = BUILT_PRODUCTS_DIR; };
		6D0AFF2F2C92CF5000EF5BD5 /* tictactoeUITests.swift */ = {isa = PBXFileReference; lastKnownFileType = sourcecode.swift; path = tictactoeUITests.swift; sourceTree = "<group>"; };
		6D0AFF312C92CF5000EF5BD5 /* tictactoeUITestsLaunchTests.swift */ = {isa = PBXFileReference; lastKnownFileType = sourcecode.swift; path = tictactoeUITestsLaunchTests.swift; sourceTree = "<group>"; };
/* End PBXFileReference section */

/* Begin PBXFrameworksBuildPhase section */
		6D0AFF082C92CF4C00EF5BD5 /* Frameworks */ = {
			isa = PBXFrameworksBuildPhase;
			buildActionMask = 2147483647;
			files = (
			);
			runOnlyForDeploymentPostprocessing = 0;
		};
		6D0AFF1E2C92CF5000EF5BD5 /* Frameworks */ = {
			isa = PBXFrameworksBuildPhase;
			buildActionMask = 2147483647;
			files = (
			);
			runOnlyForDeploymentPostprocessing = 0;
		};
		6D0AFF282C92CF5000EF5BD5 /* Frameworks */ = {
			isa = PBXFrameworksBuildPhase;
			buildActionMask = 2147483647;
			files = (
			);
			runOnlyForDeploymentPostprocessing = 0;
		};
/* End PBXFrameworksBuildPhase section */

/* Begin PBXGroup section */
		6D0AFF022C92CF4C00EF5BD5 = {
			isa = PBXGroup;
			children = (
				6D0AFF0D2C92CF4C00EF5BD5 /* tictactoe */,
				6D0AFF242C92CF5000EF5BD5 /* tictactoeTests */,
				6D0AFF2E2C92CF5000EF5BD5 /* tictactoeUITests */,
				6D0AFF0C2C92CF4C00EF5BD5 /* Products */,
			);
			sourceTree = "<group>";
		};
		6D0AFF0C2C92CF4C00EF5BD5 /* Products */ = {
			isa = PBXGroup;
			children = (
				6D0AFF0B2C92CF4C00EF5BD5 /* tictactoe.app */,
				6D0AFF212C92CF5000EF5BD5 /* tictactoeTests.xctest */,
				6D0AFF2B2C92CF5000EF5BD5 /* tictactoeUITests.xctest */,
			);
			name = Products;
			sourceTree = "<group>";
		};
		6D0AFF0D2C92CF4C00EF5BD5 /* tictactoe */ = {
			isa = PBXGroup;
			children = (
				6D0AFF0E2C92CF4C00EF5BD5 /* AppDelegate.swift */,
				6D0AFF102C92CF4C00EF5BD5 /* SceneDelegate.swift */,
				6D0AFF122C92CF4C00EF5BD5 /* ViewController.swift */,
				6D0AFF142C92CF4C00EF5BD5 /* Main.storyboard */,
				6D0AFF172C92CF4F00EF5BD5 /* Assets.xcassets */,
				6D0AFF192C92CF4F00EF5BD5 /* LaunchScreen.storyboard */,
				6D0AFF1C2C92CF4F00EF5BD5 /* Info.plist */,
			);
			path = tictactoe;
			sourceTree = "<group>";
		};
		6D0AFF242C92CF5000EF5BD5 /* tictactoeTests */ = {
			isa = PBXGroup;
			children = (
				6D0AFF252C92CF5000EF5BD5 /* tictactoeTests.swift */,
			);
			path = tictactoeTests;
			sourceTree = "<group>";
		};
		6D0AFF2E2C92CF5000EF5BD5 /* tictactoeUITests */ = {
			isa = PBXGroup;
			children = (
				6D0AFF2F2C92CF5000EF5BD5 /* tictactoeUITests.swift */,
				6D0AFF312C92CF5000EF5BD5 /* tictactoeUITestsLaunchTests.swift */,
			);
			path = tictactoeUITests;
			sourceTree = "<group>";
		};
/* End PBXGroup section */

/* Begin PBXNativeTarget section */
		6D0AFF0A2C92CF4C00EF5BD5 /* tictactoe */ = {
			isa = PBXNativeTarget;
			buildConfigurationList = 6D0AFF352C92CF5000EF5BD5 /* Build configuration list for PBXNativeTarget "tictactoe" */;
			buildPhases = (
				6D0AFF072C92CF4C00EF5BD5 /* Sources */,
				6D0AFF082C92CF4C00EF5BD5 /* Frameworks */,
				6D0AFF092C92CF4C00EF5BD5 /* Resources */,
			);
			buildRules = (
			);
			dependencies = (
			);
			name = tictactoe;
			productName = tictactoe;
			productReference = 6D0AFF0B2C92CF4C00EF5BD5 /* tictactoe.app */;
			productType = "com.apple.product-type.application";
		};
		6D0AFF202C92CF5000EF5BD5 /* tictactoeTests */ = {
			isa = PBXNativeTarget;
			buildConfigurationList = 6D0AFF382C92CF5000EF5BD5 /* Build configuration list for PBXNativeTarget "tictactoeTests" */;
			buildPhases = (
				6D0AFF1D2C92CF5000EF5BD5 /* Sources */,
				6D0AFF1E2C92CF5000EF5BD5 /* Frameworks */,
				6D0AFF1F2C92CF5000EF5BD5 /* Resources */,
			);
			buildRules = (
			);
			dependencies = (
				6D0AFF232C92CF5000EF5BD5 /* PBXTargetDependency */,
			);
			name = tictactoeTests;
			productName = tictactoeTests;
			productReference = 6D0AFF212C92CF5000EF5BD5 /* tictactoeTests.xctest */;
			productType = "com.apple.product-type.bundle.unit-test";
		};
		6D0AFF2A2C92CF5000EF5BD5 /* tictactoeUITests */ = {
			isa = PBXNativeTarget;
			buildConfigurationList = 6D0AFF3B2C92CF5000EF5BD5 /* Build configuration list for PBXNativeTarget "tictactoeUITests" */;
			buildPhases = (
				6D0AFF272C92CF5000EF5BD5 /* Sources */,
				6D0AFF282C92CF5000EF5BD5 /* Frameworks */,
				6D0AFF292C92CF5000EF5BD5 /* Resources */,
			);
			buildRules = (
			);
			dependencies = (
				6D0AFF2D2C92CF5000EF5BD5 /* PBXTargetDependency */,
			);
			name = tictactoeUITests;
			productName = tictactoeUITests;
			productReference = 6D0AFF2B2C92CF5000EF5BD5 /* tictactoeUITests.xctest */;
			productType = "com.apple.product-type.bundle.ui-testing";
		};
/* End PBXNativeTarget section */

/* Begin PBXProject section */
		6D0AFF032C92CF4C00EF5BD5 /* Project object */ = {
			isa = PBXProject;
			attributes = {
				BuildIndependentTargetsInParallel = 1;
				LastSwiftUpdateCheck = 1520;
				LastUpgradeCheck = 1520;
				TargetAttributes = {
					6D0AFF0A2C92CF4C00EF5BD5 = {
						CreatedOnToolsVersion = 15.2;
					};
					6D0AFF202C92CF5000EF5BD5 = {
						CreatedOnToolsVersion = 15.2;
						TestTargetID = 6D0AFF0A2C92CF4C00EF5BD5;
					};
					6D0AFF2A2C92CF5000EF5BD5 = {
						CreatedOnToolsVersion = 15.2;
						TestTargetID = 6D0AFF0A2C92CF4C00EF5BD5;
					};
				};
			};
			buildConfigurationList = 6D0AFF062C92CF4C00EF5BD5 /* Build configuration list for PBXProject "tictactoe" */;
			compatibilityVersion = "Xcode 14.0";
			developmentRegion = en;
			hasScannedForEncodings = 0;
			knownRegions = (
				en,
				Base,
			);
			mainGroup = 6D0AFF022C92CF4C00EF5BD5;
			productRefGroup = 6D0AFF0C2C92CF4C00EF5BD5 /* Products */;
			projectDirPath = "";
			projectRoot = "";
			targets = (
				6D0AFF0A2C92CF4C00EF5BD5 /* tictactoe */,
				6D0AFF202C92CF5000EF5BD5 /* tictactoeTests */,
				6D0AFF2A2C92CF5000EF5BD5 /* tictactoeUITests */,
			);
		};
/* End PBXProject section */

/* Begin PBXResourcesBuildPhase section */
		6D0AFF092C92CF4C00EF5BD5 /* Resources */ = {
			isa = PBXResourcesBuildPhase;
			buildActionMask = 2147483647;
			files = (
				6D0AFF1B2C92CF4F00EF5BD5 /* LaunchScreen.storyboard in Resources */,
				6D0AFF182C92CF4F00EF5BD5 /* Assets.xcassets in Resources */,
				6D0AFF162C92CF4C00EF5BD5 /* Main.storyboard in Resources */,
			);
			runOnlyForDeploymentPostprocessing = 0;
		};
		6D0AFF1F2C92CF5000EF5BD5 /* Resources */ = {
			isa = PBXResourcesBuildPhase;
			buildActionMask = 2147483647;
			files = (
			);
			runOnlyForDeploymentPostprocessing = 0;
		};
		6D0AFF292C92CF5000EF5BD5 /* Resources */ = {
			isa = PBXResourcesBuildPhase;
			buildActionMask = 2147483647;
			files = (
			);
			runOnlyForDeploymentPostprocessing = 0;
		};
/* End PBXResourcesBuildPhase section */

/* Begin PBXSourcesBuildPhase section */
		6D0AFF072C92CF4C00EF5BD5 /* Sources */ = {
			isa = PBXSourcesBuildPhase;
			buildActionMask = 2147483647;
			files = (
				6D0AFF132C92CF4C00EF5BD5 /* ViewController.swift in Sources */,
				6D0AFF0F2C92CF4C00EF5BD5 /* AppDelegate.swift in Sources */,
				6D0AFF112C92CF4C00EF5BD5 /* SceneDelegate.swift in Sources */,
			);
			runOnlyForDeploymentPostprocessing = 0;
		};
		6D0AFF1D2C92CF5000EF5BD5 /* Sources */ = {
			isa = PBXSourcesBuildPhase;
			buildActionMask = 2147483647;
			files = (
				6D0AFF262C92CF5000EF5BD5 /* tictactoeTests.swift in Sources */,
			);
			runOnlyForDeploymentPostprocessing = 0;
		};
		6D0AFF272C92CF5000EF5BD5 /* Sources */ = {
			isa = PBXSourcesBuildPhase;
			buildActionMask = 2147483647;
			files = (
				6D0AFF302C92CF5000EF5BD5 /* tictactoeUITests.swift in Sources */,
				6D0AFF322C92CF5000EF5BD5 /* tictactoeUITestsLaunchTests.swift in Sources */,
			);
			runOnlyForDeploymentPostprocessing = 0;
		};
/* End PBXSourcesBuildPhase section */

/* Begin PBXTargetDependency section */
		6D0AFF232C92CF5000EF5BD5 /* PBXTargetDependency */ = {
			isa = PBXTargetDependency;
			target = 6D0AFF0A2C92CF4C00EF5BD5 /* tictactoe */;
			targetProxy = 6D0AFF222C92CF5000EF5BD5 /* PBXContainerItemProxy */;
		};
		6D0AFF2D2C92CF5000EF5BD5 /* PBXTargetDependency */ = {
			isa = PBXTargetDependency;
			target = 6D0AFF0A2C92CF4C00EF5BD5 /* tictactoe */;
			targetProxy = 6D0AFF2C2C92CF5000EF5BD5 /* PBXContainerItemProxy */;
		};
/* End PBXTargetDependency section */

/* Begin PBXVariantGroup section */
		6D0AFF142C92CF4C00EF5BD5 /* Main.storyboard */ = {
			isa = PBXVariantGroup;
			children = (
				6D0AFF152C92CF4C00EF5BD5 /* Base */,
			);
			name = Main.storyboard;
			sourceTree = "<group>";
		};
		6D0AFF192C92CF4F00EF5BD5 /* LaunchScreen.storyboard */ = {
			isa = PBXVariantGroup;
			children = (
				6D0AFF1A2C92CF4F00EF5BD5 /* Base */,
			);
			name = LaunchScreen.storyboard;
			sourceTree = "<group>";
		};
/* End PBXVariantGroup section */

/* Begin XCBuildConfiguration section */
		6D0AFF332C92CF5000EF5BD5 /* Debug */ = {
			isa = XCBuildConfiguration;
			buildSettings = {
				ALWAYS_SEARCH_USER_PATHS = NO;
				ASSETCATALOG_COMPILER_GENERATE_SWIFT_ASSET_SYMBOL_EXTENSIONS = YES;
				CLANG_ANALYZER_NONNULL = YES;
				CLANG_ANALYZER_NUMBER_OBJECT_CONVERSION = YES_AGGRESSIVE;
				CLANG_CXX_LANGUAGE_STANDARD = "gnu++20";
				CLANG_ENABLE_MODULES = YES;
				CLANG_ENABLE_OBJC_ARC = YES;
				CLANG_ENABLE_OBJC_WEAK = YES;
				CLANG_WARN_BLOCK_CAPTURE_AUTORELEASING = YES;
				CLANG_WARN_BOOL_CONVERSION = YES;
				CLANG_WARN_COMMA = YES;
				CLANG_WARN_CONSTANT_CONVERSION = YES;
				CLANG_WARN_DEPRECATED_OBJC_IMPLEMENTATIONS = YES;
				CLANG_WARN_DIRECT_OBJC_ISA_USAGE = YES_ERROR;
				CLANG_WARN_DOCUMENTATION_COMMENTS = YES;
				CLANG_WARN_EMPTY_BODY = YES;
				CLANG_WARN_ENUM_CONVERSION = YES;
				CLANG_WARN_INFINITE_RECURSION = YES;
				CLANG_WARN_INT_CONVERSION = YES;
				CLANG_WARN_NON_LITERAL_NULL_CONVERSION = YES;
				CLANG_WARN_OBJC_IMPLICIT_RETAIN_SELF = YES;
				CLANG_WARN_OBJC_LITERAL_CONVERSION = YES;
				CLANG_WARN_OBJC_ROOT_CLASS = YES_ERROR;
				CLANG_WARN_QUOTED_INCLUDE_IN_FRAMEWORK_HEADER = YES;
				CLANG_WARN_RANGE_LOOP_ANALYSIS = YES;
				CLANG_WARN_STRICT_PROTOTYPES = YES;
				CLANG_WARN_SUSPICIOUS_MOVE = YES;
				CLANG_WARN_UNGUARDED_AVAILABILITY = YES_AGGRESSIVE;
				CLANG_WARN_UNREACHABLE_CODE = YES;
				CLANG_WARN__DUPLICATE_METHOD_MATCH = YES;
				COPY_PHASE_STRIP = NO;
				DEBUG_INFORMATION_FORMAT = dwarf;
				ENABLE_STRICT_OBJC_MSGSEND = YES;
				ENABLE_TESTABILITY = YES;
				ENABLE_USER_SCRIPT_SANDBOXING = YES;
				GCC_C_LANGUAGE_STANDARD = gnu17;
				GCC_DYNAMIC_NO_PIC = NO;
				GCC_NO_COMMON_BLOCKS = YES;
				GCC_OPTIMIZATION_LEVEL = 0;
				GCC_PREPROCESSOR_DEFINITIONS = (
					"DEBUG=1",
					"$(inherited)",
				);
				GCC_WARN_64_TO_32_BIT_CONVERSION = YES;
				GCC_WARN_ABOUT_RETURN_TYPE = YES_ERROR;
				GCC_WARN_UNDECLARED_SELECTOR = YES;
				GCC_WARN_UNINITIALIZED_AUTOS = YES_AGGRESSIVE;
				GCC_WARN_UNUSED_FUNCTION = YES;
				GCC_WARN_UNUSED_VARIABLE = YES;
				IPHONEOS_DEPLOYMENT_TARGET = 17.2;
				LOCALIZATION_PREFERS_STRING_CATALOGS = YES;
				MTL_ENABLE_DEBUG_INFO = INCLUDE_SOURCE;
				MTL_FAST_MATH = YES;
				ONLY_ACTIVE_ARCH = YES;
				SDKROOT = iphoneos;
				SWIFT_ACTIVE_COMPILATION_CONDITIONS = "DEBUG $(inherited)";
				SWIFT_OPTIMIZATION_LEVEL = "-Onone";
			};
			name = Debug;
		};
		6D0AFF342C92CF5000EF5BD5 /* Release */ = {
			isa = XCBuildConfiguration;
			buildSettings = {
				ALWAYS_SEARCH_USER_PATHS = NO;
				ASSETCATALOG_COMPILER_GENERATE_SWIFT_ASSET_SYMBOL_EXTENSIONS = YES;
				CLANG_ANALYZER_NONNULL = YES;
				CLANG_ANALYZER_NUMBER_OBJECT_CONVERSION = YES_AGGRESSIVE;
				CLANG_CXX_LANGUAGE_STANDARD = "gnu++20";
				CLANG_ENABLE_MODULES = YES;
				CLANG_ENABLE_OBJC_ARC = YES;
				CLANG_ENABLE_OBJC_WEAK = YES;
				CLANG_WARN_BLOCK_CAPTURE_AUTORELEASING = YES;
				CLANG_WARN_BOOL_CONVERSION = YES;
				CLANG_WARN_COMMA = YES;
				CLANG_WARN_CONSTANT_CONVERSION = YES;
				CLANG_WARN_DEPRECATED_OBJC_IMPLEMENTATIONS = YES;
				CLANG_WARN_DIRECT_OBJC_ISA_USAGE = YES_ERROR;
				CLANG_WARN_DOCUMENTATION_COMMENTS = YES;
				CLANG_WARN_EMPTY_BODY = YES;
				CLANG_WARN_ENUM_CONVERSION = YES;
				CLANG_WARN_INFINITE_RECURSION = YES;
				CLANG_WARN_INT_CONVERSION = YES;
				CLANG_WARN_NON_LITERAL_NULL_CONVERSION = YES;
				CLANG_WARN_OBJC_IMPLICIT_RETAIN_SELF = YES;
				CLANG_WARN_OBJC_LITERAL_CONVERSION = YES;
				CLANG_WARN_OBJC_ROOT_CLASS = YES_ERROR;
				CLANG_WARN_QUOTED_INCLUDE_IN_FRAMEWORK_HEADER = YES;
				CLANG_WARN_RANGE_LOOP_ANALYSIS = YES;
				CLANG_WARN_STRICT_PROTOTYPES = YES;
				CLANG_WARN_SUSPICIOUS_MOVE = YES;
				CLANG_WARN_UNGUARDED_AVAILABILITY = YES_AGGRESSIVE;
				CLANG_WARN_UNREACHABLE_CODE = YES;
				CLANG_WARN__DUPLICATE_METHOD_MATCH = YES;
				COPY_PHASE_STRIP = NO;
				DEBUG_INFORMATION_FORMAT = "dwarf-with-dsym";
				ENABLE_NS_ASSERTIONS = NO;
				ENABLE_STRICT_OBJC_MSGSEND = YES;
				ENABLE_USER_SCRIPT_SANDBOXING = YES;
				GCC_C_LANGUAGE_STANDARD = gnu17;
				GCC_NO_COMMON_BLOCKS = YES;
				GCC_WARN_64_TO_32_BIT_CONVERSION = YES;
				GCC_WARN_ABOUT_RETURN_TYPE = YES_ERROR;
				GCC_WARN_UNDECLARED_SELECTOR = YES;
				GCC_WARN_UNINITIALIZED_AUTOS = YES_AGGRESSIVE;
				GCC_WARN_UNUSED_FUNCTION = YES;
				GCC_WARN_UNUSED_VARIABLE = YES;
				IPHONEOS_DEPLOYMENT_TARGET = 17.2;
				LOCALIZATION_PREFERS_STRING_CATALOGS = YES;
				MTL_ENABLE_DEBUG_INFO = NO;
				MTL_FAST_MATH = YES;
				SDKROOT = iphoneos;
				SWIFT_COMPILATION_MODE = wholemodule;
				VALIDATE_PRODUCT = YES;
			};
			name = Release;
		};
		6D0AFF362C92CF5000EF5BD5 /* Debug */ = {
			isa = XCBuildConfiguration;
			buildSettings = {
				ASSETCATALOG_COMPILER_APPICON_NAME = AppIcon;
				ASSETCATALOG_COMPILER_GLOBAL_ACCENT_COLOR_NAME = AccentColor;
				CODE_SIGN_STYLE = Automatic;
				CURRENT_PROJECT_VERSION = 1;
				DEVELOPMENT_TEAM = 457FHCM944;
				GENERATE_INFOPLIST_FILE = YES;
				INFOPLIST_FILE = tictactoe/Info.plist;
				INFOPLIST_KEY_UIApplicationSupportsIndirectInputEvents = YES;
				INFOPLIST_KEY_UILaunchStoryboardName = LaunchScreen;
				INFOPLIST_KEY_UIMainStoryboardFile = Main;
				INFOPLIST_KEY_UISupportedInterfaceOrientations_iPad = "UIInterfaceOrientationPortrait UIInterfaceOrientationPortraitUpsideDown UIInterfaceOrientationLandscapeLeft UIInterfaceOrientationLandscapeRight";
				INFOPLIST_KEY_UISupportedInterfaceOrientations_iPhone = "UIInterfaceOrientationPortrait UIInterfaceOrientationLandscapeLeft UIInterfaceOrientationLandscapeRight";
				LD_RUNPATH_SEARCH_PATHS = (
					"$(inherited)",
					"@executable_path/Frameworks",
				);
				MARKETING_VERSION = 1.0;
				PRODUCT_BUNDLE_IDENTIFIER = Tictactoe.tictactoe;
				PRODUCT_NAME = "$(TARGET_NAME)";
				SWIFT_EMIT_LOC_STRINGS = YES;
				SWIFT_VERSION = 5.0;
				TARGETED_DEVICE_FAMILY = "1,2";
			};
			name = Debug;
		};
		6D0AFF372C92CF5000EF5BD5 /* Release */ = {
			isa = XCBuildConfiguration;
			buildSettings = {
				ASSETCATALOG_COMPILER_APPICON_NAME = AppIcon;
				ASSETCATALOG_COMPILER_GLOBAL_ACCENT_COLOR_NAME = AccentColor;
				CODE_SIGN_STYLE = Automatic;
				CURRENT_PROJECT_VERSION = 1;
				DEVELOPMENT_TEAM = 457FHCM944;
				GENERATE_INFOPLIST_FILE = YES;
				INFOPLIST_FILE = tictactoe/Info.plist;
				INFOPLIST_KEY_UIApplicationSupportsIndirectInputEvents = YES;
				INFOPLIST_KEY_UILaunchStoryboardName = LaunchScreen;
				INFOPLIST_KEY_UIMainStoryboardFile = Main;
				INFOPLIST_KEY_UISupportedInterfaceOrientations_iPad = "UIInterfaceOrientationPortrait UIInterfaceOrientationPortraitUpsideDown UIInterfaceOrientationLandscapeLeft UIInterfaceOrientationLandscapeRight";
				INFOPLIST_KEY_UISupportedInterfaceOrientations_iPhone = "UIInterfaceOrientationPortrait UIInterfaceOrientationLandscapeLeft UIInterfaceOrientationLandscapeRight";
				LD_RUNPATH_SEARCH_PATHS = (
					"$(inherited)",
					"@executable_path/Frameworks",
				);
				MARKETING_VERSION = 1.0;
				PRODUCT_BUNDLE_IDENTIFIER = Tictactoe.tictactoe;
				PRODUCT_NAME = "$(TARGET_NAME)";
				SWIFT_EMIT_LOC_STRINGS = YES;
				SWIFT_VERSION = 5.0;
				TARGETED_DEVICE_FAMILY = "1,2";
			};
			name = Release;
		};
		6D0AFF392C92CF5000EF5BD5 /* Debug */ = {
			isa = XCBuildConfiguration;
			buildSettings = {
				ALWAYS_EMBED_SWIFT_STANDARD_LIBRARIES = YES;
				BUNDLE_LOADER = "$(TEST_HOST)";
				CODE_SIGN_STYLE = Automatic;
				CURRENT_PROJECT_VERSION = 1;
				DEVELOPMENT_TEAM = 457FHCM944;
				GENERATE_INFOPLIST_FILE = YES;
				IPHONEOS_DEPLOYMENT_TARGET = 17.2;
				MARKETING_VERSION = 1.0;
				PRODUCT_BUNDLE_IDENTIFIER = Tictactoe.tictactoeTests;
				PRODUCT_NAME = "$(TARGET_NAME)";
				SWIFT_EMIT_LOC_STRINGS = NO;
				SWIFT_VERSION = 5.0;
				TARGETED_DEVICE_FAMILY = "1,2";
				TEST_HOST = "$(BUILT_PRODUCTS_DIR)/tictactoe.app/$(BUNDLE_EXECUTABLE_FOLDER_PATH)/tictactoe";
			};
			name = Debug;
		};
		6D0AFF3A2C92CF5000EF5BD5 /* Release */ = {
			isa = XCBuildConfiguration;
			buildSettings = {
				ALWAYS_EMBED_SWIFT_STANDARD_LIBRARIES = YES;
				BUNDLE_LOADER = "$(TEST_HOST)";
				CODE_SIGN_STYLE = Automatic;
				CURRENT_PROJECT_VERSION = 1;
				DEVELOPMENT_TEAM = 457FHCM944;
				GENERATE_INFOPLIST_FILE = YES;
				IPHONEOS_DEPLOYMENT_TARGET = 17.2;
				MARKETING_VERSION = 1.0;
				PRODUCT_BUNDLE_IDENTIFIER = Tictactoe.tictactoeTests;
				PRODUCT_NAME = "$(TARGET_NAME)";
				SWIFT_EMIT_LOC_STRINGS = NO;
				SWIFT_VERSION = 5.0;
				TARGETED_DEVICE_FAMILY = "1,2";
				TEST_HOST = "$(BUILT_PRODUCTS_DIR)/tictactoe.app/$(BUNDLE_EXECUTABLE_FOLDER_PATH)/tictactoe";
			};
			name = Release;
		};
		6D0AFF3C2C92CF5000EF5BD5 /* Debug */ = {
			isa = XCBuildConfiguration;
			buildSettings = {
				ALWAYS_EMBED_SWIFT_STANDARD_LIBRARIES = YES;
				CODE_SIGN_STYLE = Automatic;
				CURRENT_PROJECT_VERSION = 1;
				DEVELOPMENT_TEAM = 457FHCM944;
				GENERATE_INFOPLIST_FILE = YES;
				MARKETING_VERSION = 1.0;
				PRODUCT_BUNDLE_IDENTIFIER = Tictactoe.tictactoeUITests;
				PRODUCT_NAME = "$(TARGET_NAME)";
				SWIFT_EMIT_LOC_STRINGS = NO;
				SWIFT_VERSION = 5.0;
				TARGETED_DEVICE_FAMILY = "1,2";
				TEST_TARGET_NAME = tictactoe;
			};
			name = Debug;
		};
		6D0AFF3D2C92CF5000EF5BD5 /* Release */ = {
			isa = XCBuildConfiguration;
			buildSettings = {
				ALWAYS_EMBED_SWIFT_STANDARD_LIBRARIES = YES;
				CODE_SIGN_STYLE = Automatic;
				CURRENT_PROJECT_VERSION = 1;
				DEVELOPMENT_TEAM = 457FHCM944;
				GENERATE_INFOPLIST_FILE = YES;
				MARKETING_VERSION = 1.0;
				PRODUCT_BUNDLE_IDENTIFIER = Tictactoe.tictactoeUITests;
				PRODUCT_NAME = "$(TARGET_NAME)";
				SWIFT_EMIT_LOC_STRINGS = NO;
				SWIFT_VERSION = 5.0;
				TARGETED_DEVICE_FAMILY = "1,2";
				TEST_TARGET_NAME = tictactoe;
			};
			name = Release;
		};
/* End XCBuildConfiguration section */

/* Begin XCConfigurationList section */
		6D0AFF062C92CF4C00EF5BD5 /* Build configuration list for PBXProject "tictactoe" */ = {
			isa = XCConfigurationList;
			buildConfigurations = (
				6D0AFF332C92CF5000EF5BD5 /* Debug */,
				6D0AFF342C92CF5000EF5BD5 /* Release */,
			);
			defaultConfigurationIsVisible = 0;
			defaultConfigurationName = Release;
		};
		6D0AFF352C92CF5000EF5BD5 /* Build configuration list for PBXNativeTarget "tictactoe" */ = {
			isa = XCConfigurationList;
			buildConfigurations = (
				6D0AFF362C92CF5000EF5BD5 /* Debug */,
				6D0AFF372C92CF5000EF5BD5 /* Release */,
			);
			defaultConfigurationIsVisible = 0;
			defaultConfigurationName = Release;
		};
		6D0AFF382C92CF5000EF5BD5 /* Build configuration list for PBXNativeTarget "tictactoeTests" */ = {
			isa = XCConfigurationList;
			buildConfigurations = (
				6D0AFF392C92CF5000EF5BD5 /* Debug */,
				6D0AFF3A2C92CF5000EF5BD5 /* Release */,
			);
			defaultConfigurationIsVisible = 0;
			defaultConfigurationName = Release;
		};
		6D0AFF3B2C92CF5000EF5BD5 /* Build configuration list for PBXNativeTarget "tictactoeUITests" */ = {
			isa = XCConfigurationList;
			buildConfigurations = (
				6D0AFF3C2C92CF5000EF5BD5 /* Debug */,
				6D0AFF3D2C92CF5000EF5BD5 /* Release */,
			);
			defaultConfigurationIsVisible = 0;
			defaultConfigurationName = Release;
		};
/* End XCConfigurationList section */
	};
	rootObject = 6D0AFF032C92CF4C00EF5BD5 /* Project object */;
}
